
Microsoft Visual Studio Solution File, Format Version 12.00
# Visual Studio Version 17
VisualStudioVersion = 17.5.002.0
MinimumVisualStudioVersion = 10.0.40219.1
Project("{9A19103F-16F7-4668-BE54-9A1E7A4F7556}") = "Novin.Libary.Backend.API", "Novin.Libary.Backend.API.csproj", "{C8EBC12A-6B4C-4861-8743-F10E3C30D09E}"
EndProject
Global
	GlobalSection(SolutionConfigurationPlatforms) = preSolution
		Debug|Any CPU = Debug|Any CPU
		Release|Any CPU = Release|Any CPU
	EndGlobalSection
	GlobalSection(ProjectConfigurationPlatforms) = postSolution
		{C8EBC12A-6B4C-4861-8743-F10E3C30D09E}.Debug|Any CPU.ActiveCfg = Debug|Any CPU
		{C8EBC12A-6B4C-4861-8743-F10E3C30D09E}.Debug|Any CPU.Build.0 = Debug|Any CPU
		{C8EBC12A-6B4C-4861-8743-F10E3C30D09E}.Release|Any CPU.ActiveCfg = Release|Any CPU
		{C8EBC12A-6B4C-4861-8743-F10E3C30D09E}.Release|Any CPU.Build.0 = Release|Any CPU
	EndGlobalSection
	GlobalSection(SolutionProperties) = preSolution
		HideSolutionNode = FALSE
	EndGlobalSection
	GlobalSection(ExtensibilityGlobals) = postSolution
		SolutionGuid = {9EC2171B-2FCF-4AA0-99F4-2C294E23DAD1}
	EndGlobalSection
EndGlobal
